
Microsoft Visual Studio Solution File, Format Version 12.00
# Visual Studio Version 17
VisualStudioVersion = 17.14.36109.1
MinimumVisualStudioVersion = 10.0.40219.1
Project("{FAE04EC0-301F-11D3-BF4B-00C04F79EFBC}") = "HeliosProfilePatcher", "HeliosProfilePatcher\HeliosProfilePatcher.csproj", "{19E32630-23B3-4F5F-AA5D-5496168EE545}"
EndProject
Project("{54435603-DBB4-11D2-8724-00A0C9A8B90C}") = "HeliosProfilePatcherInstaller", "Installer\Installer.vdproj", "{B3724FF1-63B2-8EB6-790C-41E05982363C}"
EndProject
Global
	GlobalSection(SolutionConfigurationPlatforms) = preSolution
		Debug|x64 = Debug|x64
		JustInstaller|x64 = JustInstaller|x64
		Release|x64 = Release|x64
	EndGlobalSection
	GlobalSection(ProjectConfigurationPlatforms) = postSolution
		{19E32630-23B3-4F5F-AA5D-5496168EE545}.Debug|x64.ActiveCfg = Debug|x64
		{19E32630-23B3-4F5F-AA5D-5496168EE545}.Debug|x64.Build.0 = Debug|x64
		{19E32630-23B3-4F5F-AA5D-5496168EE545}.JustInstaller|x64.ActiveCfg = JustInstaller|x64
		{19E32630-23B3-4F5F-AA5D-5496168EE545}.Release|x64.ActiveCfg = Release|x64
		{19E32630-23B3-4F5F-AA5D-5496168EE545}.Release|x64.Build.0 = Release|x64
		{B3724FF1-63B2-8EB6-790C-41E05982363C}.Debug|x64.ActiveCfg = Debug
		{B3724FF1-63B2-8EB6-790C-41E05982363C}.JustInstaller|x64.ActiveCfg = JustInstaller
		{B3724FF1-63B2-8EB6-790C-41E05982363C}.JustInstaller|x64.Build.0 = JustInstaller
		{B3724FF1-63B2-8EB6-790C-41E05982363C}.Release|x64.ActiveCfg = Release
	EndGlobalSection
	GlobalSection(SolutionProperties) = preSolution
		HideSolutionNode = FALSE
	EndGlobalSection
	GlobalSection(ExtensibilityGlobals) = postSolution
		SolutionGuid = {9860883C-4D91-49C4-B052-F4CD618C4B4F}
	EndGlobalSection
EndGlobal
